// !$*UTF8*$!
{
	archiveVersion = 1;
	classes = {
	};
	objectVersion = 46;
	objects = {

/* Begin PBXBuildFile section */
		57371A1F1D5FD67B00856229 /* Gradient.swift in Sources */ = {isa = PBXBuildFile; fileRef = 57371A1E1D5FD67B00856229 /* Gradient.swift */; };
		57996D2B1D557FED005555E2 /* AppDelegate.swift in Sources */ = {isa = PBXBuildFile; fileRef = 57996D2A1D557FED005555E2 /* AppDelegate.swift */; };
		57996D2D1D557FED005555E2 /* ViewController.swift in Sources */ = {isa = PBXBuildFile; fileRef = 57996D2C1D557FED005555E2 /* ViewController.swift */; };
		57996D301D557FED005555E2 /* Main.storyboard in Resources */ = {isa = PBXBuildFile; fileRef = 57996D2E1D557FED005555E2 /* Main.storyboard */; };
		57996D321D557FED005555E2 /* Assets.xcassets in Resources */ = {isa = PBXBuildFile; fileRef = 57996D311D557FED005555E2 /* Assets.xcassets */; };
		57996D351D557FED005555E2 /* LaunchScreen.storyboard in Resources */ = {isa = PBXBuildFile; fileRef = 57996D331D557FED005555E2 /* LaunchScreen.storyboard */; };
		57996D3D1D558104005555E2 /* CustomTableViewCell.swift in Sources */ = {isa = PBXBuildFile; fileRef = 57996D3C1D558104005555E2 /* CustomTableViewCell.swift */; };
		57996D3F1D55AF5A005555E2 /* NewViewController.swift in Sources */ = {isa = PBXBuildFile; fileRef = 57996D3E1D55AF5A005555E2 /* NewViewController.swift */; };
		57996D411D55C9F8005555E2 /* StartupScreenViewController.swift in Sources */ = {isa = PBXBuildFile; fileRef = 57996D401D55C9F8005555E2 /* StartupScreenViewController.swift */; };
		57996D431D56F30B005555E2 /* DatesTableViewCell.swift in Sources */ = {isa = PBXBuildFile; fileRef = 57996D421D56F30B005555E2 /* DatesTableViewCell.swift */; };
		57996D541D5A9CB9005555E2 /* Hospital Two in Resources */ = {isa = PBXBuildFile; fileRef = 57996D501D5A9CB9005555E2 /* Hospital Two */; };
		57996D551D5A9CB9005555E2 /* Hospital One in Resources */ = {isa = PBXBuildFile; fileRef = 57996D511D5A9CB9005555E2 /* Hospital One */; };
		57996D561D5A9CB9005555E2 /* Hospital Four in Resources */ = {isa = PBXBuildFile; fileRef = 57996D521D5A9CB9005555E2 /* Hospital Four */; };
		57996D571D5A9CB9005555E2 /* Hospital Three in Resources */ = {isa = PBXBuildFile; fileRef = 57996D531D5A9CB9005555E2 /* Hospital Three */; };
/* End PBXBuildFile section */

/* Begin PBXFileReference section */
		57371A1E1D5FD67B00856229 /* Gradient.swift */ = {isa = PBXFileReference; fileEncoding = 4; lastKnownFileType = sourcecode.swift; path = Gradient.swift; sourceTree = "<group>"; };
		57996D271D557FED005555E2 /* Interview Broker #3.app */ = {isa = PBXFileReference; explicitFileType = wrapper.application; includeInIndex = 0; path = "Interview Broker #3.app"; sourceTree = BUILT_PRODUCTS_DIR; };
		57996D2A1D557FED005555E2 /* AppDelegate.swift */ = {isa = PBXFileReference; lastKnownFileType = sourcecode.swift; path = AppDelegate.swift; sourceTree = "<group>"; };
		57996D2C1D557FED005555E2 /* ViewController.swift */ = {isa = PBXFileReference; lastKnownFileType = sourcecode.swift; path = ViewController.swift; sourceTree = "<group>"; };
		57996D2F1D557FED005555E2 /* Base */ = {isa = PBXFileReference; lastKnownFileType = file.storyboard; name = Base; path = Base.lproj/Main.storyboard; sourceTree = "<group>"; };
		57996D311D557FED005555E2 /* Assets.xcassets */ = {isa = PBXFileReference; lastKnownFileType = folder.assetcatalog; path = Assets.xcassets; sourceTree = "<group>"; };
		57996D341D557FED005555E2 /* Base */ = {isa = PBXFileReference; lastKnownFileType = file.storyboard; name = Base; path = Base.lproj/LaunchScreen.storyboard; sourceTree = "<group>"; };
		57996D361D557FED005555E2 /* Info.plist */ = {isa = PBXFileReference; lastKnownFileType = text.plist.xml; path = Info.plist; sourceTree = "<group>"; };
		57996D3C1D558104005555E2 /* CustomTableViewCell.swift */ = {isa = PBXFileReference; fileEncoding = 4; lastKnownFileType = sourcecode.swift; path = CustomTableViewCell.swift; sourceTree = "<group>"; };
		57996D3E1D55AF5A005555E2 /* NewViewController.swift */ = {isa = PBXFileReference; fileEncoding = 4; lastKnownFileType = sourcecode.swift; path = NewViewController.swift; sourceTree = "<group>"; };
		57996D401D55C9F8005555E2 /* StartupScreenViewController.swift */ = {isa = PBXFileReference; fileEncoding = 4; lastKnownFileType = sourcecode.swift; path = StartupScreenViewController.swift; sourceTree = "<group>"; };
		57996D421D56F30B005555E2 /* DatesTableViewCell.swift */ = {isa = PBXFileReference; fileEncoding = 4; lastKnownFileType = sourcecode.swift; path = DatesTableViewCell.swift; sourceTree = "<group>"; };
		57996D501D5A9CB9005555E2 /* Hospital Two */ = {isa = PBXFileReference; lastKnownFileType = file; path = "Hospital Two"; sourceTree = "<group>"; };
		57996D511D5A9CB9005555E2 /* Hospital One */ = {isa = PBXFileReference; lastKnownFileType = file; path = "Hospital One"; sourceTree = "<group>"; };
		57996D521D5A9CB9005555E2 /* Hospital Four */ = {isa = PBXFileReference; lastKnownFileType = file; path = "Hospital Four"; sourceTree = "<group>"; };
		57996D531D5A9CB9005555E2 /* Hospital Three */ = {isa = PBXFileReference; lastKnownFileType = file; path = "Hospital Three"; sourceTree = "<group>"; };
/* End PBXFileReference section */

/* Begin PBXFrameworksBuildPhase section */
		57996D241D557FED005555E2 /* Frameworks */ = {
			isa = PBXFrameworksBuildPhase;
			buildActionMask = 2147483647;
			files = (
			);
			runOnlyForDeploymentPostprocessing = 0;
		};
/* End PBXFrameworksBuildPhase section */

/* Begin PBXGroup section */
		57996D1E1D557FED005555E2 = {
			isa = PBXGroup;
			children = (
				57371A1E1D5FD67B00856229 /* Gradient.swift */,
				57996D291D557FED005555E2 /* Interview Broker #3 */,
				57996D281D557FED005555E2 /* Products */,
			);
			sourceTree = "<group>";
		};
		57996D281D557FED005555E2 /* Products */ = {
			isa = PBXGroup;
			children = (
				57996D271D557FED005555E2 /* Interview Broker #3.app */,
			);
			name = Products;
			sourceTree = "<group>";
		};
		57996D291D557FED005555E2 /* Interview Broker #3 */ = {
			isa = PBXGroup;
			children = (
				57996D2A1D557FED005555E2 /* AppDelegate.swift */,
				57996D2C1D557FED005555E2 /* ViewController.swift */,
				57996D2E1D557FED005555E2 /* Main.storyboard */,
				57996D3C1D558104005555E2 /* CustomTableViewCell.swift */,
				57996D421D56F30B005555E2 /* DatesTableViewCell.swift */,
				57996D3E1D55AF5A005555E2 /* NewViewController.swift */,
				57996D401D55C9F8005555E2 /* StartupScreenViewController.swift */,
				57996D511D5A9CB9005555E2 /* Hospital One */,
				57996D501D5A9CB9005555E2 /* Hospital Two */,
				57996D531D5A9CB9005555E2 /* Hospital Three */,
				57996D521D5A9CB9005555E2 /* Hospital Four */,
				57996D311D557FED005555E2 /* Assets.xcassets */,
				57996D331D557FED005555E2 /* LaunchScreen.storyboard */,
				57996D361D557FED005555E2 /* Info.plist */,
			);
			path = "Interview Broker #3";
			sourceTree = "<group>";
		};
/* End PBXGroup section */

/* Begin PBXNativeTarget section */
		57996D261D557FED005555E2 /* Interview Broker #3 */ = {
			isa = PBXNativeTarget;
			buildConfigurationList = 57996D391D557FED005555E2 /* Build configuration list for PBXNativeTarget "Interview Broker #3" */;
			buildPhases = (
				57996D231D557FED005555E2 /* Sources */,
				57996D241D557FED005555E2 /* Frameworks */,
				57996D251D557FED005555E2 /* Resources */,
			);
			buildRules = (
			);
			dependencies = (
			);
			name = "Interview Broker #3";
			productName = "Interview Broker #3";
			productReference = 57996D271D557FED005555E2 /* Interview Broker #3.app */;
			productType = "com.apple.product-type.application";
		};
/* End PBXNativeTarget section */

/* Begin PBXProject section */
		57996D1F1D557FED005555E2 /* Project object */ = {
			isa = PBXProject;
			attributes = {
				LastSwiftUpdateCheck = 0720;
				LastUpgradeCheck = 0720;
				ORGANIZATIONNAME = "Victor Chien";
				TargetAttributes = {
					57996D261D557FED005555E2 = {
						CreatedOnToolsVersion = 7.2.1;
						DevelopmentTeam = H2W9Q6VLXE;
					};
				};
			};
			buildConfigurationList = 57996D221D557FED005555E2 /* Build configuration list for PBXProject "Interview Broker #3" */;
			compatibilityVersion = "Xcode 3.2";
			developmentRegion = English;
			hasScannedForEncodings = 0;
			knownRegions = (
				en,
				Base,
			);
			mainGroup = 57996D1E1D557FED005555E2;
			productRefGroup = 57996D281D557FED005555E2 /* Products */;
			projectDirPath = "";
			projectRoot = "";
			targets = (
				57996D261D557FED005555E2 /* Interview Broker #3 */,
			);
		};
/* End PBXProject section */

/* Begin PBXResourcesBuildPhase section */
		57996D251D557FED005555E2 /* Resources */ = {
			isa = PBXResourcesBuildPhase;
			buildActionMask = 2147483647;
			files = (
				57996D561D5A9CB9005555E2 /* Hospital Four in Resources */,
				57996D351D557FED005555E2 /* LaunchScreen.storyboard in Resources */,
				57996D541D5A9CB9005555E2 /* Hospital Two in Resources */,
				57996D571D5A9CB9005555E2 /* Hospital Three in Resources */,
				57996D551D5A9CB9005555E2 /* Hospital One in Resources */,
				57996D321D557FED005555E2 /* Assets.xcassets in Resources */,
				57996D301D557FED005555E2 /* Main.storyboard in Resources */,
			);
			runOnlyForDeploymentPostprocessing = 0;
		};
/* End PBXResourcesBuildPhase section */

/* Begin PBXSourcesBuildPhase section */
		57996D231D557FED005555E2 /* Sources */ = {
			isa = PBXSourcesBuildPhase;
			buildActionMask = 2147483647;
			files = (
				57996D3D1D558104005555E2 /* CustomTableViewCell.swift in Sources */,
				57996D431D56F30B005555E2 /* DatesTableViewCell.swift in Sources */,
				57996D2D1D557FED005555E2 /* ViewController.swift in Sources */,
				57371A1F1D5FD67B00856229 /* Gradient.swift in Sources */,
				57996D411D55C9F8005555E2 /* StartupScreenViewController.swift in Sources */,
				57996D2B1D557FED005555E2 /* AppDelegate.swift in Sources */,
				57996D3F1D55AF5A005555E2 /* NewViewController.swift in Sources */,
			);
			runOnlyForDeploymentPostprocessing = 0;
		};
/* End PBXSourcesBuildPhase section */

/* Begin PBXVariantGroup section */
		57996D2E1D557FED005555E2 /* Main.storyboard */ = {
			isa = PBXVariantGroup;
			children = (
				57996D2F1D557FED005555E2 /* Base */,
			);
			name = Main.storyboard;
			sourceTree = "<group>";
		};
		57996D331D557FED005555E2 /* LaunchScreen.storyboard */ = {
			isa = PBXVariantGroup;
			children = (
				57996D341D557FED005555E2 /* Base */,
			);
			name = LaunchScreen.storyboard;
			sourceTree = "<group>";
		};
/* End PBXVariantGroup section */

/* Begin XCBuildConfiguration section */
		57996D371D557FED005555E2 /* Debug */ = {
			isa = XCBuildConfiguration;
			buildSettings = {
				ALWAYS_SEARCH_USER_PATHS = NO;
				CLANG_CXX_LANGUAGE_STANDARD = "gnu++0x";
				CLANG_CXX_LIBRARY = "libc++";
				CLANG_ENABLE_MODULES = YES;
				CLANG_ENABLE_OBJC_ARC = YES;
				CLANG_WARN_BOOL_CONVERSION = YES;
				CLANG_WARN_CONSTANT_CONVERSION = YES;
				CLANG_WARN_DIRECT_OBJC_ISA_USAGE = YES_ERROR;
				CLANG_WARN_EMPTY_BODY = YES;
				CLANG_WARN_ENUM_CONVERSION = YES;
				CLANG_WARN_INT_CONVERSION = YES;
				CLANG_WARN_OBJC_ROOT_CLASS = YES_ERROR;
				CLANG_WARN_UNREACHABLE_CODE = YES;
				CLANG_WARN__DUPLICATE_METHOD_MATCH = YES;
				"CODE_SIGN_IDENTITY[sdk=iphoneos*]" = "iPhone Developer";
				COPY_PHASE_STRIP = NO;
				DEBUG_INFORMATION_FORMAT = dwarf;
				ENABLE_STRICT_OBJC_MSGSEND = YES;
				ENABLE_TESTABILITY = YES;
				GCC_C_LANGUAGE_STANDARD = gnu99;
				GCC_DYNAMIC_NO_PIC = NO;
				GCC_NO_COMMON_BLOCKS = YES;
				GCC_OPTIMIZATION_LEVEL = 0;
				GCC_PREPROCESSOR_DEFINITIONS = (
					"DEBUG=1",
					"$(inherited)",
				);
				GCC_WARN_64_TO_32_BIT_CONVERSION = YES;
				GCC_WARN_ABOUT_RETURN_TYPE = YES_ERROR;
				GCC_WARN_UNDECLARED_SELECTOR = YES;
				GCC_WARN_UNINITIALIZED_AUTOS = YES_AGGRESSIVE;
				GCC_WARN_UNUSED_FUNCTION = YES;
				GCC_WARN_UNUSED_VARIABLE = YES;
				IPHONEOS_DEPLOYMENT_TARGET = 9.2;
				MTL_ENABLE_DEBUG_INFO = YES;
				ONLY_ACTIVE_ARCH = YES;
				SDKROOT = iphoneos;
				SWIFT_OPTIMIZATION_LEVEL = "-Onone";
				TARGETED_DEVICE_FAMILY = "1,2";
			};
			name = Debug;
		};
		57996D381D557FED005555E2 /* Release */ = {
			isa = XCBuildConfiguration;
			buildSettings = {
				ALWAYS_SEARCH_USER_PATHS = NO;
				CLANG_CXX_LANGUAGE_STANDARD = "gnu++0x";
				CLANG_CXX_LIBRARY = "libc++";
				CLANG_ENABLE_MODULES = YES;
				CLANG_ENABLE_OBJC_ARC = YES;
				CLANG_WARN_BOOL_CONVERSION = YES;
				CLANG_WARN_CONSTANT_CONVERSION = YES;
				CLANG_WARN_DIRECT_OBJC_ISA_USAGE = YES_ERROR;
				CLANG_WARN_EMPTY_BODY = YES;
				CLANG_WARN_ENUM_CONVERSION = YES;
				CLANG_WARN_INT_CONVERSION = YES;
				CLANG_WARN_OBJC_ROOT_CLASS = YES_ERROR;
				CLANG_WARN_UNREACHABLE_CODE = YES;
				CLANG_WARN__DUPLICATE_METHOD_MATCH = YES;
				"CODE_SIGN_IDENTITY[sdk=iphoneos*]" = "iPhone Developer";
				COPY_PHASE_STRIP = NO;
				DEBUG_INFORMATION_FORMAT = "dwarf-with-dsym";
				ENABLE_NS_ASSERTIONS = NO;
				ENABLE_STRICT_OBJC_MSGSEND = YES;
				GCC_C_LANGUAGE_STANDARD = gnu99;
				GCC_NO_COMMON_BLOCKS = YES;
				GCC_WARN_64_TO_32_BIT_CONVERSION = YES;
				GCC_WARN_ABOUT_RETURN_TYPE = YES_ERROR;
				GCC_WARN_UNDECLARED_SELECTOR = YES;
				GCC_WARN_UNINITIALIZED_AUTOS = YES_AGGRESSIVE;
				GCC_WARN_UNUSED_FUNCTION = YES;
				GCC_WARN_UNUSED_VARIABLE = YES;
				IPHONEOS_DEPLOYMENT_TARGET = 9.2;
				MTL_ENABLE_DEBUG_INFO = NO;
				SDKROOT = iphoneos;
				TARGETED_DEVICE_FAMILY = "1,2";
				VALIDATE_PRODUCT = YES;
			};
			name = Release;
		};
		57996D3A1D557FED005555E2 /* Debug */ = {
			isa = XCBuildConfiguration;
			buildSettings = {
				ASSETCATALOG_COMPILER_APPICON_NAME = AppIcon;
				INFOPLIST_FILE = "Interview Broker #3/Info.plist";
				LD_RUNPATH_SEARCH_PATHS = "$(inherited) @executable_path/Frameworks";
				PRODUCT_BUNDLE_IDENTIFIER = "vicoociv.Interview-Broker--3";
				PRODUCT_NAME = "$(TARGET_NAME)";
			};
			name = Debug;
		};
		57996D3B1D557FED005555E2 /* Release */ = {
			isa = XCBuildConfiguration;
			buildSettings = {
				ASSETCATALOG_COMPILER_APPICON_NAME = AppIcon;
				INFOPLIST_FILE = "Interview Broker #3/Info.plist";
				LD_RUNPATH_SEARCH_PATHS = "$(inherited) @executable_path/Frameworks";
				PRODUCT_BUNDLE_IDENTIFIER = "vicoociv.Interview-Broker--3";
				PRODUCT_NAME = "$(TARGET_NAME)";
			};
			name = Release;
		};
/* End XCBuildConfiguration section */

/* Begin XCConfigurationList section */
		57996D221D557FED005555E2 /* Build configuration list for PBXProject "Interview Broker #3" */ = {
			isa = XCConfigurationList;
			buildConfigurations = (
				57996D371D557FED005555E2 /* Debug */,
				57996D381D557FED005555E2 /* Release */,
			);
			defaultConfigurationIsVisible = 0;
			defaultConfigurationName = Release;
		};
		57996D391D557FED005555E2 /* Build configuration list for PBXNativeTarget "Interview Broker #3" */ = {
			isa = XCConfigurationList;
			buildConfigurations = (
				57996D3A1D557FED005555E2 /* Debug */,
				57996D3B1D557FED005555E2 /* Release */,
			);
			defaultConfigurationIsVisible = 0;
			defaultConfigurationName = Release;
		};
/* End XCConfigurationList section */
	};
	rootObject = 57996D1F1D557FED005555E2 /* Project object */;
}
